
Microsoft Visual Studio Solution File, Format Version 12.00
# Visual Studio Version 17
VisualStudioVersion = 17.12.35527.113
MinimumVisualStudioVersion = 10.0.40219.1
Project("{FAE04EC0-301F-11D3-BF4B-00C04F79EFBC}") = "Wilczura.Common", "Wilczura.Common\Wilczura.Common.csproj", "{46D029FA-49FE-4CC6-B1B4-A54C0FEAEF9D}"
EndProject
Project("{2150E333-8FDC-42A3-9474-1A3956D46DE8}") = "nuget", "nuget", "{411D6748-F218-4C68-9455-0E4D7BDF8C66}"
	ProjectSection(SolutionItems) = preProject
		nuget.config = nuget.config
	EndProjectSection
EndProject
Project("{FAE04EC0-301F-11D3-BF4B-00C04F79EFBC}") = "Wilczura.Common.ServiceBus", "Wilczura.Common.ServiceBus\Wilczura.Common.ServiceBus.csproj", "{725B3BC1-A713-4221-BA49-BDB8E0984518}"
EndProject
Project("{FAE04EC0-301F-11D3-BF4B-00C04F79EFBC}") = "Wilczura.Common.Web", "Wilczura.Common.Web\Wilczura.Common.Web.csproj", "{84E12D98-7B4E-4C33-8955-363EBD59A1CD}"
EndProject
Project("{FAE04EC0-301F-11D3-BF4B-00C04F79EFBC}") = "Wilczura.Common.Host", "Wilczura.Common.Host\Wilczura.Common.Host.csproj", "{6FB73303-A975-4792-9EE2-503C9C6E6A74}"
EndProject
Project("{FAE04EC0-301F-11D3-BF4B-00C04F79EFBC}") = "Wilczura.Demo.Adapters.Controllers", "Wilczura.Demo.Adapters.Controllers\Wilczura.Demo.Adapters.Controllers.csproj", "{5202A371-581D-4246-A51E-72585A6B813E}"
EndProject
Project("{FAE04EC0-301F-11D3-BF4B-00C04F79EFBC}") = "Wilczura.Demo.Host", "Wilczura.Demo.Host\Wilczura.Demo.Host.csproj", "{A6A630CE-C947-4E75-B206-E214F832B0DD}"
EndProject
Global
	GlobalSection(SolutionConfigurationPlatforms) = preSolution
		Debug|Any CPU = Debug|Any CPU
		Release|Any CPU = Release|Any CPU
	EndGlobalSection
	GlobalSection(ProjectConfigurationPlatforms) = postSolution
		{46D029FA-49FE-4CC6-B1B4-A54C0FEAEF9D}.Debug|Any CPU.ActiveCfg = Debug|Any CPU
		{46D029FA-49FE-4CC6-B1B4-A54C0FEAEF9D}.Debug|Any CPU.Build.0 = Debug|Any CPU
		{46D029FA-49FE-4CC6-B1B4-A54C0FEAEF9D}.Release|Any CPU.ActiveCfg = Release|Any CPU
		{46D029FA-49FE-4CC6-B1B4-A54C0FEAEF9D}.Release|Any CPU.Build.0 = Release|Any CPU
		{725B3BC1-A713-4221-BA49-BDB8E0984518}.Debug|Any CPU.ActiveCfg = Debug|Any CPU
		{725B3BC1-A713-4221-BA49-BDB8E0984518}.Debug|Any CPU.Build.0 = Debug|Any CPU
		{725B3BC1-A713-4221-BA49-BDB8E0984518}.Release|Any CPU.ActiveCfg = Release|Any CPU
		{725B3BC1-A713-4221-BA49-BDB8E0984518}.Release|Any CPU.Build.0 = Release|Any CPU
		{84E12D98-7B4E-4C33-8955-363EBD59A1CD}.Debug|Any CPU.ActiveCfg = Debug|Any CPU
		{84E12D98-7B4E-4C33-8955-363EBD59A1CD}.Debug|Any CPU.Build.0 = Debug|Any CPU
		{84E12D98-7B4E-4C33-8955-363EBD59A1CD}.Release|Any CPU.ActiveCfg = Release|Any CPU
		{84E12D98-7B4E-4C33-8955-363EBD59A1CD}.Release|Any CPU.Build.0 = Release|Any CPU
		{6FB73303-A975-4792-9EE2-503C9C6E6A74}.Debug|Any CPU.ActiveCfg = Debug|Any CPU
		{6FB73303-A975-4792-9EE2-503C9C6E6A74}.Debug|Any CPU.Build.0 = Debug|Any CPU
		{6FB73303-A975-4792-9EE2-503C9C6E6A74}.Release|Any CPU.ActiveCfg = Release|Any CPU
		{6FB73303-A975-4792-9EE2-503C9C6E6A74}.Release|Any CPU.Build.0 = Release|Any CPU
		{5202A371-581D-4246-A51E-72585A6B813E}.Debug|Any CPU.ActiveCfg = Debug|Any CPU
		{5202A371-581D-4246-A51E-72585A6B813E}.Debug|Any CPU.Build.0 = Debug|Any CPU
		{5202A371-581D-4246-A51E-72585A6B813E}.Release|Any CPU.ActiveCfg = Release|Any CPU
		{5202A371-581D-4246-A51E-72585A6B813E}.Release|Any CPU.Build.0 = Release|Any CPU
		{A6A630CE-C947-4E75-B206-E214F832B0DD}.Debug|Any CPU.ActiveCfg = Debug|Any CPU
		{A6A630CE-C947-4E75-B206-E214F832B0DD}.Debug|Any CPU.Build.0 = Debug|Any CPU
		{A6A630CE-C947-4E75-B206-E214F832B0DD}.Release|Any CPU.ActiveCfg = Release|Any CPU
		{A6A630CE-C947-4E75-B206-E214F832B0DD}.Release|Any CPU.Build.0 = Release|Any CPU
	EndGlobalSection
	GlobalSection(SolutionProperties) = preSolution
		HideSolutionNode = FALSE
	EndGlobalSection
EndGlobal
